
Microsoft Visual Studio Solution File, Format Version 12.00
# Visual Studio Version 16
VisualStudioVersion = 16.0.32510.428
MinimumVisualStudioVersion = 10.0.40219.1
Project("{FAE04EC0-301F-11D3-BF4B-00C04F79EFBC}") = "EstructurasDeControl", "EstructurasDeControl\EstructurasDeControl.csproj", "{0A0E547B-A584-4A88-BC36-E4375A933418}"
EndProject
Global
	GlobalSection(SolutionConfigurationPlatforms) = preSolution
		Debug|Any CPU = Debug|Any CPU
		Release|Any CPU = Release|Any CPU
	EndGlobalSection
	GlobalSection(ProjectConfigurationPlatforms) = postSolution
		{0A0E547B-A584-4A88-BC36-E4375A933418}.Debug|Any CPU.ActiveCfg = Debug|Any CPU
		{0A0E547B-A584-4A88-BC36-E4375A933418}.Debug|Any CPU.Build.0 = Debug|Any CPU
		{0A0E547B-A584-4A88-BC36-E4375A933418}.Release|Any CPU.ActiveCfg = Release|Any CPU
		{0A0E547B-A584-4A88-BC36-E4375A933418}.Release|Any CPU.Build.0 = Release|Any CPU
	EndGlobalSection
	GlobalSection(SolutionProperties) = preSolution
		HideSolutionNode = FALSE
	EndGlobalSection
	GlobalSection(ExtensibilityGlobals) = postSolution
		SolutionGuid = {B71D9B1F-1388-47D4-A466-8DB7B9163F4F}
	EndGlobalSection
EndGlobal
